
Microsoft Visual Studio Solution File, Format Version 12.00
# Visual Studio Version 17
VisualStudioVersion = 17.5.002.0
MinimumVisualStudioVersion = 10.0.40219.1
Project("{9A19103F-16F7-4668-BE54-9A1E7A4F7556}") = "CircularQueue", "CircularQueue\CircularQueue.csproj", "{9EF64E9C-F3DA-4040-A433-30FBF93A64D2}"
EndProject
Project("{9A19103F-16F7-4668-BE54-9A1E7A4F7556}") = "Selsort", "Selsort\Selsort.csproj", "{852E6F5E-C001-4446-A65F-4EA9A9EDA5A6}"
EndProject
Project("{9A19103F-16F7-4668-BE54-9A1E7A4F7556}") = "Ex13", "Ex13\Ex13.csproj", "{CCA32EF2-BE6F-4506-889A-5A43E64012E2}"
EndProject
Project("{9A19103F-16F7-4668-BE54-9A1E7A4F7556}") = "Square", "Square\Square.csproj", "{A580398A-62AF-40F1-8581-F3102EAA6585}"
EndProject
Project("{9A19103F-16F7-4668-BE54-9A1E7A4F7556}") = "StringConcatSpeed", "StringConcatSpeed\StringConcatSpeed.csproj", "{23C30B93-30DB-4145-B233-04D81BED53C1}"
EndProject
Global
	GlobalSection(SolutionConfigurationPlatforms) = preSolution
		Debug|Any CPU = Debug|Any CPU
		Release|Any CPU = Release|Any CPU
	EndGlobalSection
	GlobalSection(ProjectConfigurationPlatforms) = postSolution
		{9EF64E9C-F3DA-4040-A433-30FBF93A64D2}.Debug|Any CPU.ActiveCfg = Debug|Any CPU
		{9EF64E9C-F3DA-4040-A433-30FBF93A64D2}.Debug|Any CPU.Build.0 = Debug|Any CPU
		{9EF64E9C-F3DA-4040-A433-30FBF93A64D2}.Release|Any CPU.ActiveCfg = Release|Any CPU
		{9EF64E9C-F3DA-4040-A433-30FBF93A64D2}.Release|Any CPU.Build.0 = Release|Any CPU
		{852E6F5E-C001-4446-A65F-4EA9A9EDA5A6}.Debug|Any CPU.ActiveCfg = Debug|Any CPU
		{852E6F5E-C001-4446-A65F-4EA9A9EDA5A6}.Debug|Any CPU.Build.0 = Debug|Any CPU
		{852E6F5E-C001-4446-A65F-4EA9A9EDA5A6}.Release|Any CPU.ActiveCfg = Release|Any CPU
		{852E6F5E-C001-4446-A65F-4EA9A9EDA5A6}.Release|Any CPU.Build.0 = Release|Any CPU
		{CCA32EF2-BE6F-4506-889A-5A43E64012E2}.Debug|Any CPU.ActiveCfg = Debug|Any CPU
		{CCA32EF2-BE6F-4506-889A-5A43E64012E2}.Debug|Any CPU.Build.0 = Debug|Any CPU
		{CCA32EF2-BE6F-4506-889A-5A43E64012E2}.Release|Any CPU.ActiveCfg = Release|Any CPU
		{CCA32EF2-BE6F-4506-889A-5A43E64012E2}.Release|Any CPU.Build.0 = Release|Any CPU
		{A580398A-62AF-40F1-8581-F3102EAA6585}.Debug|Any CPU.ActiveCfg = Debug|Any CPU
		{A580398A-62AF-40F1-8581-F3102EAA6585}.Debug|Any CPU.Build.0 = Debug|Any CPU
		{A580398A-62AF-40F1-8581-F3102EAA6585}.Release|Any CPU.ActiveCfg = Release|Any CPU
		{A580398A-62AF-40F1-8581-F3102EAA6585}.Release|Any CPU.Build.0 = Release|Any CPU
		{23C30B93-30DB-4145-B233-04D81BED53C1}.Debug|Any CPU.ActiveCfg = Debug|Any CPU
		{23C30B93-30DB-4145-B233-04D81BED53C1}.Debug|Any CPU.Build.0 = Debug|Any CPU
		{23C30B93-30DB-4145-B233-04D81BED53C1}.Release|Any CPU.ActiveCfg = Release|Any CPU
		{23C30B93-30DB-4145-B233-04D81BED53C1}.Release|Any CPU.Build.0 = Release|Any CPU
	EndGlobalSection
	GlobalSection(SolutionProperties) = preSolution
		HideSolutionNode = FALSE
	EndGlobalSection
	GlobalSection(ExtensibilityGlobals) = postSolution
		SolutionGuid = {3976642A-5031-4ECF-80F7-BFF7BDCB673B}
	EndGlobalSection
EndGlobal
